
Microsoft Visual Studio Solution File, Format Version 12.00
# Visual Studio Version 16
VisualStudioVersion = 16.0.31729.503
MinimumVisualStudioVersion = 10.0.40219.1
Project("{9092AA53-FB77-4645-B42D-1CCCA6BD08BD}") = "TDD-Legacy-Code", "TDD-Legacy-Code.njsproj", "{09EF44AD-561B-4003-96E6-5B2DCF4A6CA5}"
EndProject
Global
	GlobalSection(SolutionConfigurationPlatforms) = preSolution
		Debug|Any CPU = Debug|Any CPU
		Release|Any CPU = Release|Any CPU
	EndGlobalSection
	GlobalSection(ProjectConfigurationPlatforms) = postSolution
		{09EF44AD-561B-4003-96E6-5B2DCF4A6CA5}.Debug|Any CPU.ActiveCfg = Debug|Any CPU
		{09EF44AD-561B-4003-96E6-5B2DCF4A6CA5}.Debug|Any CPU.Build.0 = Debug|Any CPU
		{09EF44AD-561B-4003-96E6-5B2DCF4A6CA5}.Release|Any CPU.ActiveCfg = Release|Any CPU
		{09EF44AD-561B-4003-96E6-5B2DCF4A6CA5}.Release|Any CPU.Build.0 = Release|Any CPU
	EndGlobalSection
	GlobalSection(SolutionProperties) = preSolution
		HideSolutionNode = FALSE
	EndGlobalSection
	GlobalSection(ExtensibilityGlobals) = postSolution
		SolutionGuid = {E9BD3B6F-17C7-4C9B-BDC4-A481D61C62E2}
	EndGlobalSection
EndGlobal
